{
  "object": {
    "pins": [
      {
        "package": "Aesthete",
        "repositoryURL": "https://github.com/dunesailer/Aesthete.git",
        "state": {
          "branch": null,
          "revision": "dbb5995b095fb73d91d693c49389bc25ee7dbe95",
          "version": "0.5.0"
        }
      },
      {
        "package": "Greebler",
        "repositoryURL": "https://github.com/dunesailer/Greebler.git",
        "state": {
          "branch": null,
          "revision": "d76a561fde1623d2d1b9716997c38b4688ab21c0",
          "version": "0.2.1"
        }
      },
      {
        "package": "Dunesailer Utilities",
        "repositoryURL": "https://github.com/dunesailer/Utilities.git",
        "state": {
          "branch": null,
          "revision": "572c8bd507d96d642d21e233224c0b6be655c34e",
          "version": "1.0.0"
        }
      }
    ]
  },
  "version": 1
}
