{
  "object": {
    "pins": [
      {
        "package": "Aesthete",
        "repositoryURL": "https://github.com/btfranklin/Aesthete.git",
        "state": {
          "branch": null,
          "revision": "083e17ef814a78f2c55e577d4ff884db8edba73f",
          "version": "1.5.1"
        }
      },
      {
        "package": "ControlledChaos",
        "repositoryURL": "https://github.com/btfranklin/ControlledChaos",
        "state": {
          "branch": null,
          "revision": "4b5476d112f2d92f76579e021210073cd9060e14",
          "version": "1.1.1"
        }
      },
      {
        "package": "Greebler",
        "repositoryURL": "https://github.com/btfranklin/Greebler.git",
        "state": {
          "branch": null,
          "revision": "f8c2680a1f0ae3868a625dc03eb0bae329289778",
          "version": "0.7.0"
        }
      }
    ]
  },
  "version": 1
}
